// !$*UTF8*$!
{
	archiveVersion = 1;
	classes = {
	};
	objectVersion = 55;
	objects = {

/* Begin PBXBuildFile section */
		BA5DE92E28C6F54600D19B42 /* AppDelegate.swift in Sources */ = {isa = PBXBuildFile; fileRef = BA5DE92D28C6F54600D19B42 /* AppDelegate.swift */; };
		BA5DE93028C6F54600D19B42 /* SceneDelegate.swift in Sources */ = {isa = PBXBuildFile; fileRef = BA5DE92F28C6F54600D19B42 /* SceneDelegate.swift */; };
		BA5DE93228C6F54600D19B42 /* ViewController.swift in Sources */ = {isa = PBXBuildFile; fileRef = BA5DE93128C6F54600D19B42 /* ViewController.swift */; };
		BA5DE93528C6F54600D19B42 /* Main.storyboard in Resources */ = {isa = PBXBuildFile; fileRef = BA5DE93328C6F54600D19B42 /* Main.storyboard */; };
		BA5DE93728C6F54700D19B42 /* Assets.xcassets in Resources */ = {isa = PBXBuildFile; fileRef = BA5DE93628C6F54700D19B42 /* Assets.xcassets */; };
		BA5DE93A28C6F54700D19B42 /* LaunchScreen.storyboard in Resources */ = {isa = PBXBuildFile; fileRef = BA5DE93828C6F54700D19B42 /* LaunchScreen.storyboard */; };
		BA5DE94228C6F55300D19B42 /* AddViewController.swift in Sources */ = {isa = PBXBuildFile; fileRef = BA5DE94128C6F55300D19B42 /* AddViewController.swift */; };
		BA5DE94528C6FBC400D19B42 /* Realm in Frameworks */ = {isa = PBXBuildFile; productRef = BA5DE94428C6FBC400D19B42 /* Realm */; };
		BA5DE94728C6FBC400D19B42 /* RealmSwift in Frameworks */ = {isa = PBXBuildFile; productRef = BA5DE94628C6FBC400D19B42 /* RealmSwift */; };
		BA5DE94928C6FC7900D19B42 /* index.swift in Sources */ = {isa = PBXBuildFile; fileRef = BA5DE94828C6FC7900D19B42 /* index.swift */; };
		BA86FBCF28DA5B16000C2B3A /* item1.png in Resources */ = {isa = PBXBuildFile; fileRef = BA86FBC528DA5B16000C2B3A /* item1.png */; };
		BA86FBD028DA5B16000C2B3A /* item2.png in Resources */ = {isa = PBXBuildFile; fileRef = BA86FBC628DA5B16000C2B3A /* item2.png */; };
		BA86FBD128DA5B16000C2B3A /* item3.png in Resources */ = {isa = PBXBuildFile; fileRef = BA86FBC728DA5B16000C2B3A /* item3.png */; };
		BA86FBD228DA5B16000C2B3A /* item4.png in Resources */ = {isa = PBXBuildFile; fileRef = BA86FBC828DA5B16000C2B3A /* item4.png */; };
		BA86FBD328DA5B16000C2B3A /* item5.png in Resources */ = {isa = PBXBuildFile; fileRef = BA86FBC928DA5B16000C2B3A /* item5.png */; };
		BA86FBD428DA5B16000C2B3A /* frog4.png in Resources */ = {isa = PBXBuildFile; fileRef = BA86FBCA28DA5B16000C2B3A /* frog4.png */; };
		BA86FBD528DA5B16000C2B3A /* frog3.png in Resources */ = {isa = PBXBuildFile; fileRef = BA86FBCB28DA5B16000C2B3A /* frog3.png */; };
		BA86FBD628DA5B16000C2B3A /* frog2.png in Resources */ = {isa = PBXBuildFile; fileRef = BA86FBCC28DA5B16000C2B3A /* frog2.png */; };
		BA86FBD728DA5B16000C2B3A /* frog0.png in Resources */ = {isa = PBXBuildFile; fileRef = BA86FBCD28DA5B16000C2B3A /* frog0.png */; };
		BA86FBD828DA5B16000C2B3A /* frog1.png in Resources */ = {isa = PBXBuildFile; fileRef = BA86FBCE28DA5B16000C2B3A /* frog1.png */; };
		BA91387528DA50A400F8BAD7 /* homeViewController.swift in Sources */ = {isa = PBXBuildFile; fileRef = BA91387428DA50A400F8BAD7 /* homeViewController.swift */; };
/* End PBXBuildFile section */

/* Begin PBXFileReference section */
		BA5DE92A28C6F54600D19B42 /* todo.app */ = {isa = PBXFileReference; explicitFileType = wrapper.application; includeInIndex = 0; path = todo.app; sourceTree = BUILT_PRODUCTS_DIR; };
		BA5DE92D28C6F54600D19B42 /* AppDelegate.swift */ = {isa = PBXFileReference; lastKnownFileType = sourcecode.swift; path = AppDelegate.swift; sourceTree = "<group>"; };
		BA5DE92F28C6F54600D19B42 /* SceneDelegate.swift */ = {isa = PBXFileReference; lastKnownFileType = sourcecode.swift; path = SceneDelegate.swift; sourceTree = "<group>"; };
		BA5DE93128C6F54600D19B42 /* ViewController.swift */ = {isa = PBXFileReference; lastKnownFileType = sourcecode.swift; path = ViewController.swift; sourceTree = "<group>"; };
		BA5DE93428C6F54600D19B42 /* Base */ = {isa = PBXFileReference; lastKnownFileType = file.storyboard; name = Base; path = Base.lproj/Main.storyboard; sourceTree = "<group>"; };
		BA5DE93628C6F54700D19B42 /* Assets.xcassets */ = {isa = PBXFileReference; lastKnownFileType = folder.assetcatalog; path = Assets.xcassets; sourceTree = "<group>"; };
		BA5DE93928C6F54700D19B42 /* Base */ = {isa = PBXFileReference; lastKnownFileType = file.storyboard; name = Base; path = Base.lproj/LaunchScreen.storyboard; sourceTree = "<group>"; };
		BA5DE93B28C6F54700D19B42 /* Info.plist */ = {isa = PBXFileReference; lastKnownFileType = text.plist.xml; path = Info.plist; sourceTree = "<group>"; };
		BA5DE94128C6F55300D19B42 /* AddViewController.swift */ = {isa = PBXFileReference; lastKnownFileType = sourcecode.swift; path = AddViewController.swift; sourceTree = "<group>"; };
		BA5DE94828C6FC7900D19B42 /* index.swift */ = {isa = PBXFileReference; lastKnownFileType = sourcecode.swift; path = index.swift; sourceTree = "<group>"; };
		BA86FBC528DA5B16000C2B3A /* item1.png */ = {isa = PBXFileReference; lastKnownFileType = image.png; path = item1.png; sourceTree = "<group>"; };
		BA86FBC628DA5B16000C2B3A /* item2.png */ = {isa = PBXFileReference; lastKnownFileType = image.png; path = item2.png; sourceTree = "<group>"; };
		BA86FBC728DA5B16000C2B3A /* item3.png */ = {isa = PBXFileReference; lastKnownFileType = image.png; path = item3.png; sourceTree = "<group>"; };
		BA86FBC828DA5B16000C2B3A /* item4.png */ = {isa = PBXFileReference; lastKnownFileType = image.png; path = item4.png; sourceTree = "<group>"; };
		BA86FBC928DA5B16000C2B3A /* item5.png */ = {isa = PBXFileReference; lastKnownFileType = image.png; path = item5.png; sourceTree = "<group>"; };
		BA86FBCA28DA5B16000C2B3A /* frog4.png */ = {isa = PBXFileReference; lastKnownFileType = image.png; path = frog4.png; sourceTree = "<group>"; };
		BA86FBCB28DA5B16000C2B3A /* frog3.png */ = {isa = PBXFileReference; lastKnownFileType = image.png; path = frog3.png; sourceTree = "<group>"; };
		BA86FBCC28DA5B16000C2B3A /* frog2.png */ = {isa = PBXFileReference; lastKnownFileType = image.png; path = frog2.png; sourceTree = "<group>"; };
		BA86FBCD28DA5B16000C2B3A /* frog0.png */ = {isa = PBXFileReference; lastKnownFileType = image.png; path = frog0.png; sourceTree = "<group>"; };
		BA86FBCE28DA5B16000C2B3A /* frog1.png */ = {isa = PBXFileReference; lastKnownFileType = image.png; path = frog1.png; sourceTree = "<group>"; };
		BA91387428DA50A400F8BAD7 /* homeViewController.swift */ = {isa = PBXFileReference; lastKnownFileType = sourcecode.swift; path = homeViewController.swift; sourceTree = "<group>"; };
/* End PBXFileReference section */

/* Begin PBXFrameworksBuildPhase section */
		BA5DE92728C6F54600D19B42 /* Frameworks */ = {
			isa = PBXFrameworksBuildPhase;
			buildActionMask = 2147483647;
			files = (
				BA5DE94728C6FBC400D19B42 /* RealmSwift in Frameworks */,
				BA5DE94528C6FBC400D19B42 /* Realm in Frameworks */,
			);
			runOnlyForDeploymentPostprocessing = 0;
		};
/* End PBXFrameworksBuildPhase section */

/* Begin PBXGroup section */
		BA5DE92128C6F54600D19B42 = {
			isa = PBXGroup;
			children = (
				BA5DE92C28C6F54600D19B42 /* todo */,
				BA5DE92B28C6F54600D19B42 /* Products */,
			);
			sourceTree = "<group>";
		};
		BA5DE92B28C6F54600D19B42 /* Products */ = {
			isa = PBXGroup;
			children = (
				BA5DE92A28C6F54600D19B42 /* todo.app */,
			);
			name = Products;
			sourceTree = "<group>";
		};
		BA5DE92C28C6F54600D19B42 /* todo */ = {
			isa = PBXGroup;
			children = (
				BA86FBC428DA5B16000C2B3A /* sozai */,
				BA5DE92D28C6F54600D19B42 /* AppDelegate.swift */,
				BA5DE92F28C6F54600D19B42 /* SceneDelegate.swift */,
				BA5DE93128C6F54600D19B42 /* ViewController.swift */,
				BA5DE93328C6F54600D19B42 /* Main.storyboard */,
				BA5DE93628C6F54700D19B42 /* Assets.xcassets */,
				BA5DE93828C6F54700D19B42 /* LaunchScreen.storyboard */,
				BA5DE93B28C6F54700D19B42 /* Info.plist */,
				BA5DE94128C6F55300D19B42 /* AddViewController.swift */,
				BA5DE94828C6FC7900D19B42 /* index.swift */,
				BA91387428DA50A400F8BAD7 /* homeViewController.swift */,
			);
			path = todo;
			sourceTree = "<group>";
		};
		BA86FBC428DA5B16000C2B3A /* sozai */ = {
			isa = PBXGroup;
			children = (
				BA86FBC528DA5B16000C2B3A /* item1.png */,
				BA86FBC628DA5B16000C2B3A /* item2.png */,
				BA86FBC728DA5B16000C2B3A /* item3.png */,
				BA86FBC828DA5B16000C2B3A /* item4.png */,
				BA86FBC928DA5B16000C2B3A /* item5.png */,
				BA86FBCA28DA5B16000C2B3A /* frog4.png */,
				BA86FBCB28DA5B16000C2B3A /* frog3.png */,
				BA86FBCC28DA5B16000C2B3A /* frog2.png */,
				BA86FBCD28DA5B16000C2B3A /* frog0.png */,
				BA86FBCE28DA5B16000C2B3A /* frog1.png */,
			);
			path = sozai;
			sourceTree = "<group>";
		};
/* End PBXGroup section */

/* Begin PBXNativeTarget section */
		BA5DE92928C6F54600D19B42 /* todo */ = {
			isa = PBXNativeTarget;
			buildConfigurationList = BA5DE93E28C6F54700D19B42 /* Build configuration list for PBXNativeTarget "todo" */;
			buildPhases = (
				BA5DE92628C6F54600D19B42 /* Sources */,
				BA5DE92728C6F54600D19B42 /* Frameworks */,
				BA5DE92828C6F54600D19B42 /* Resources */,
			);
			buildRules = (
			);
			dependencies = (
			);
			name = todo;
			packageProductDependencies = (
				BA5DE94428C6FBC400D19B42 /* Realm */,
				BA5DE94628C6FBC400D19B42 /* RealmSwift */,
			);
			productName = todo;
			productReference = BA5DE92A28C6F54600D19B42 /* todo.app */;
			productType = "com.apple.product-type.application";
		};
/* End PBXNativeTarget section */

/* Begin PBXProject section */
		BA5DE92228C6F54600D19B42 /* Project object */ = {
			isa = PBXProject;
			attributes = {
				BuildIndependentTargetsInParallel = 1;
				LastSwiftUpdateCheck = 1340;
				LastUpgradeCheck = 1340;
				TargetAttributes = {
					BA5DE92928C6F54600D19B42 = {
						CreatedOnToolsVersion = 13.4.1;
					};
				};
			};
			buildConfigurationList = BA5DE92528C6F54600D19B42 /* Build configuration list for PBXProject "todo" */;
			compatibilityVersion = "Xcode 13.0";
			developmentRegion = en;
			hasScannedForEncodings = 0;
			knownRegions = (
				en,
				Base,
			);
			mainGroup = BA5DE92128C6F54600D19B42;
			packageReferences = (
				BA5DE94328C6FBC400D19B42 /* XCRemoteSwiftPackageReference "realm-swift" */,
			);
			productRefGroup = BA5DE92B28C6F54600D19B42 /* Products */;
			projectDirPath = "";
			projectRoot = "";
			targets = (
				BA5DE92928C6F54600D19B42 /* todo */,
			);
		};
/* End PBXProject section */

/* Begin PBXResourcesBuildPhase section */
		BA5DE92828C6F54600D19B42 /* Resources */ = {
			isa = PBXResourcesBuildPhase;
			buildActionMask = 2147483647;
			files = (
				BA86FBD328DA5B16000C2B3A /* item5.png in Resources */,
				BA86FBCF28DA5B16000C2B3A /* item1.png in Resources */,
				BA86FBD728DA5B16000C2B3A /* frog0.png in Resources */,
				BA86FBD628DA5B16000C2B3A /* frog2.png in Resources */,
				BA86FBD028DA5B16000C2B3A /* item2.png in Resources */,
				BA86FBD528DA5B16000C2B3A /* frog3.png in Resources */,
				BA86FBD228DA5B16000C2B3A /* item4.png in Resources */,
				BA86FBD128DA5B16000C2B3A /* item3.png in Resources */,
				BA86FBD428DA5B16000C2B3A /* frog4.png in Resources */,
				BA5DE93A28C6F54700D19B42 /* LaunchScreen.storyboard in Resources */,
				BA86FBD828DA5B16000C2B3A /* frog1.png in Resources */,
				BA5DE93728C6F54700D19B42 /* Assets.xcassets in Resources */,
				BA5DE93528C6F54600D19B42 /* Main.storyboard in Resources */,
			);
			runOnlyForDeploymentPostprocessing = 0;
		};
/* End PBXResourcesBuildPhase section */

/* Begin PBXSourcesBuildPhase section */
		BA5DE92628C6F54600D19B42 /* Sources */ = {
			isa = PBXSourcesBuildPhase;
			buildActionMask = 2147483647;
			files = (
				BA5DE93228C6F54600D19B42 /* ViewController.swift in Sources */,
				BA91387528DA50A400F8BAD7 /* homeViewController.swift in Sources */,
				BA5DE92E28C6F54600D19B42 /* AppDelegate.swift in Sources */,
				BA5DE94228C6F55300D19B42 /* AddViewController.swift in Sources */,
				BA5DE94928C6FC7900D19B42 /* index.swift in Sources */,
				BA5DE93028C6F54600D19B42 /* SceneDelegate.swift in Sources */,
			);
			runOnlyForDeploymentPostprocessing = 0;
		};
/* End PBXSourcesBuildPhase section */

/* Begin PBXVariantGroup section */
		BA5DE93328C6F54600D19B42 /* Main.storyboard */ = {
			isa = PBXVariantGroup;
			children = (
				BA5DE93428C6F54600D19B42 /* Base */,
			);
			name = Main.storyboard;
			sourceTree = "<group>";
		};
		BA5DE93828C6F54700D19B42 /* LaunchScreen.storyboard */ = {
			isa = PBXVariantGroup;
			children = (
				BA5DE93928C6F54700D19B42 /* Base */,
			);
			name = LaunchScreen.storyboard;
			sourceTree = "<group>";
		};
/* End PBXVariantGroup section */

/* Begin XCBuildConfiguration section */
		BA5DE93C28C6F54700D19B42 /* Debug */ = {
			isa = XCBuildConfiguration;
			buildSettings = {
				ALWAYS_SEARCH_USER_PATHS = NO;
				CLANG_ANALYZER_NONNULL = YES;
				CLANG_ANALYZER_NUMBER_OBJECT_CONVERSION = YES_AGGRESSIVE;
				CLANG_CXX_LANGUAGE_STANDARD = "gnu++17";
				CLANG_ENABLE_MODULES = YES;
				CLANG_ENABLE_OBJC_ARC = YES;
				CLANG_ENABLE_OBJC_WEAK = YES;
				CLANG_WARN_BLOCK_CAPTURE_AUTORELEASING = YES;
				CLANG_WARN_BOOL_CONVERSION = YES;
				CLANG_WARN_COMMA = YES;
				CLANG_WARN_CONSTANT_CONVERSION = YES;
				CLANG_WARN_DEPRECATED_OBJC_IMPLEMENTATIONS = YES;
				CLANG_WARN_DIRECT_OBJC_ISA_USAGE = YES_ERROR;
				CLANG_WARN_DOCUMENTATION_COMMENTS = YES;
				CLANG_WARN_EMPTY_BODY = YES;
				CLANG_WARN_ENUM_CONVERSION = YES;
				CLANG_WARN_INFINITE_RECURSION = YES;
				CLANG_WARN_INT_CONVERSION = YES;
				CLANG_WARN_NON_LITERAL_NULL_CONVERSION = YES;
				CLANG_WARN_OBJC_IMPLICIT_RETAIN_SELF = YES;
				CLANG_WARN_OBJC_LITERAL_CONVERSION = YES;
				CLANG_WARN_OBJC_ROOT_CLASS = YES_ERROR;
				CLANG_WARN_QUOTED_INCLUDE_IN_FRAMEWORK_HEADER = YES;
				CLANG_WARN_RANGE_LOOP_ANALYSIS = YES;
				CLANG_WARN_STRICT_PROTOTYPES = YES;
				CLANG_WARN_SUSPICIOUS_MOVE = YES;
				CLANG_WARN_UNGUARDED_AVAILABILITY = YES_AGGRESSIVE;
				CLANG_WARN_UNREACHABLE_CODE = YES;
				CLANG_WARN__DUPLICATE_METHOD_MATCH = YES;
				COPY_PHASE_STRIP = NO;
				DEBUG_INFORMATION_FORMAT = dwarf;
				ENABLE_STRICT_OBJC_MSGSEND = YES;
				ENABLE_TESTABILITY = YES;
				GCC_C_LANGUAGE_STANDARD = gnu11;
				GCC_DYNAMIC_NO_PIC = NO;
				GCC_NO_COMMON_BLOCKS = YES;
				GCC_OPTIMIZATION_LEVEL = 0;
				GCC_PREPROCESSOR_DEFINITIONS = (
					"DEBUG=1",
					"$(inherited)",
				);
				GCC_WARN_64_TO_32_BIT_CONVERSION = YES;
				GCC_WARN_ABOUT_RETURN_TYPE = YES_ERROR;
				GCC_WARN_UNDECLARED_SELECTOR = YES;
				GCC_WARN_UNINITIALIZED_AUTOS = YES_AGGRESSIVE;
				GCC_WARN_UNUSED_FUNCTION = YES;
				GCC_WARN_UNUSED_VARIABLE = YES;
				IPHONEOS_DEPLOYMENT_TARGET = 15.5;
				MTL_ENABLE_DEBUG_INFO = INCLUDE_SOURCE;
				MTL_FAST_MATH = YES;
				ONLY_ACTIVE_ARCH = YES;
				SDKROOT = iphoneos;
				SWIFT_ACTIVE_COMPILATION_CONDITIONS = DEBUG;
				SWIFT_OPTIMIZATION_LEVEL = "-Onone";
			};
			name = Debug;
		};
		BA5DE93D28C6F54700D19B42 /* Release */ = {
			isa = XCBuildConfiguration;
			buildSettings = {
				ALWAYS_SEARCH_USER_PATHS = NO;
				CLANG_ANALYZER_NONNULL = YES;
				CLANG_ANALYZER_NUMBER_OBJECT_CONVERSION = YES_AGGRESSIVE;
				CLANG_CXX_LANGUAGE_STANDARD = "gnu++17";
				CLANG_ENABLE_MODULES = YES;
				CLANG_ENABLE_OBJC_ARC = YES;
				CLANG_ENABLE_OBJC_WEAK = YES;
				CLANG_WARN_BLOCK_CAPTURE_AUTORELEASING = YES;
				CLANG_WARN_BOOL_CONVERSION = YES;
				CLANG_WARN_COMMA = YES;
				CLANG_WARN_CONSTANT_CONVERSION = YES;
				CLANG_WARN_DEPRECATED_OBJC_IMPLEMENTATIONS = YES;
				CLANG_WARN_DIRECT_OBJC_ISA_USAGE = YES_ERROR;
				CLANG_WARN_DOCUMENTATION_COMMENTS = YES;
				CLANG_WARN_EMPTY_BODY = YES;
				CLANG_WARN_ENUM_CONVERSION = YES;
				CLANG_WARN_INFINITE_RECURSION = YES;
				CLANG_WARN_INT_CONVERSION = YES;
				CLANG_WARN_NON_LITERAL_NULL_CONVERSION = YES;
				CLANG_WARN_OBJC_IMPLICIT_RETAIN_SELF = YES;
				CLANG_WARN_OBJC_LITERAL_CONVERSION = YES;
				CLANG_WARN_OBJC_ROOT_CLASS = YES_ERROR;
				CLANG_WARN_QUOTED_INCLUDE_IN_FRAMEWORK_HEADER = YES;
				CLANG_WARN_RANGE_LOOP_ANALYSIS = YES;
				CLANG_WARN_STRICT_PROTOTYPES = YES;
				CLANG_WARN_SUSPICIOUS_MOVE = YES;
				CLANG_WARN_UNGUARDED_AVAILABILITY = YES_AGGRESSIVE;
				CLANG_WARN_UNREACHABLE_CODE = YES;
				CLANG_WARN__DUPLICATE_METHOD_MATCH = YES;
				COPY_PHASE_STRIP = NO;
				DEBUG_INFORMATION_FORMAT = "dwarf-with-dsym";
				ENABLE_NS_ASSERTIONS = NO;
				ENABLE_STRICT_OBJC_MSGSEND = YES;
				GCC_C_LANGUAGE_STANDARD = gnu11;
				GCC_NO_COMMON_BLOCKS = YES;
				GCC_WARN_64_TO_32_BIT_CONVERSION = YES;
				GCC_WARN_ABOUT_RETURN_TYPE = YES_ERROR;
				GCC_WARN_UNDECLARED_SELECTOR = YES;
				GCC_WARN_UNINITIALIZED_AUTOS = YES_AGGRESSIVE;
				GCC_WARN_UNUSED_FUNCTION = YES;
				GCC_WARN_UNUSED_VARIABLE = YES;
				IPHONEOS_DEPLOYMENT_TARGET = 15.5;
				MTL_ENABLE_DEBUG_INFO = NO;
				MTL_FAST_MATH = YES;
				SDKROOT = iphoneos;
				SWIFT_COMPILATION_MODE = wholemodule;
				SWIFT_OPTIMIZATION_LEVEL = "-O";
				VALIDATE_PRODUCT = YES;
			};
			name = Release;
		};
		BA5DE93F28C6F54700D19B42 /* Debug */ = {
			isa = XCBuildConfiguration;
			buildSettings = {
				ASSETCATALOG_COMPILER_APPICON_NAME = AppIcon;
				ASSETCATALOG_COMPILER_GLOBAL_ACCENT_COLOR_NAME = AccentColor;
				CODE_SIGN_STYLE = Automatic;
				CURRENT_PROJECT_VERSION = 1;
				DEVELOPMENT_TEAM = 6RF7SCN9V3;
				GENERATE_INFOPLIST_FILE = YES;
				INFOPLIST_FILE = todo/Info.plist;
				INFOPLIST_KEY_UIApplicationSupportsIndirectInputEvents = YES;
				INFOPLIST_KEY_UILaunchStoryboardName = LaunchScreen;
				INFOPLIST_KEY_UIMainStoryboardFile = Main;
				INFOPLIST_KEY_UISupportedInterfaceOrientations_iPad = "UIInterfaceOrientationPortrait UIInterfaceOrientationPortraitUpsideDown UIInterfaceOrientationLandscapeLeft UIInterfaceOrientationLandscapeRight";
				INFOPLIST_KEY_UISupportedInterfaceOrientations_iPhone = "UIInterfaceOrientationPortrait UIInterfaceOrientationLandscapeLeft UIInterfaceOrientationLandscapeRight";
				LD_RUNPATH_SEARCH_PATHS = (
					"$(inherited)",
					"@executable_path/Frameworks",
				);
				MARKETING_VERSION = 1.0;
				PRODUCT_BUNDLE_IDENTIFIER = com.fujii.jiifu.todo;
				PRODUCT_NAME = "$(TARGET_NAME)";
				SWIFT_EMIT_LOC_STRINGS = YES;
				SWIFT_VERSION = 5.0;
				TARGETED_DEVICE_FAMILY = "1,2";
			};
			name = Debug;
		};
		BA5DE94028C6F54700D19B42 /* Release */ = {
			isa = XCBuildConfiguration;
			buildSettings = {
				ASSETCATALOG_COMPILER_APPICON_NAME = AppIcon;
				ASSETCATALOG_COMPILER_GLOBAL_ACCENT_COLOR_NAME = AccentColor;
				CODE_SIGN_STYLE = Automatic;
				CURRENT_PROJECT_VERSION = 1;
				DEVELOPMENT_TEAM = 6RF7SCN9V3;
				GENERATE_INFOPLIST_FILE = YES;
				INFOPLIST_FILE = todo/Info.plist;
				INFOPLIST_KEY_UIApplicationSupportsIndirectInputEvents = YES;
				INFOPLIST_KEY_UILaunchStoryboardName = LaunchScreen;
				INFOPLIST_KEY_UIMainStoryboardFile = Main;
				INFOPLIST_KEY_UISupportedInterfaceOrientations_iPad = "UIInterfaceOrientationPortrait UIInterfaceOrientationPortraitUpsideDown UIInterfaceOrientationLandscapeLeft UIInterfaceOrientationLandscapeRight";
				INFOPLIST_KEY_UISupportedInterfaceOrientations_iPhone = "UIInterfaceOrientationPortrait UIInterfaceOrientationLandscapeLeft UIInterfaceOrientationLandscapeRight";
				LD_RUNPATH_SEARCH_PATHS = (
					"$(inherited)",
					"@executable_path/Frameworks",
				);
				MARKETING_VERSION = 1.0;
				PRODUCT_BUNDLE_IDENTIFIER = com.fujii.jiifu.todo;
				PRODUCT_NAME = "$(TARGET_NAME)";
				SWIFT_EMIT_LOC_STRINGS = YES;
				SWIFT_VERSION = 5.0;
				TARGETED_DEVICE_FAMILY = "1,2";
			};
			name = Release;
		};
/* End XCBuildConfiguration section */

/* Begin XCConfigurationList section */
		BA5DE92528C6F54600D19B42 /* Build configuration list for PBXProject "todo" */ = {
			isa = XCConfigurationList;
			buildConfigurations = (
				BA5DE93C28C6F54700D19B42 /* Debug */,
				BA5DE93D28C6F54700D19B42 /* Release */,
			);
			defaultConfigurationIsVisible = 0;
			defaultConfigurationName = Release;
		};
		BA5DE93E28C6F54700D19B42 /* Build configuration list for PBXNativeTarget "todo" */ = {
			isa = XCConfigurationList;
			buildConfigurations = (
				BA5DE93F28C6F54700D19B42 /* Debug */,
				BA5DE94028C6F54700D19B42 /* Release */,
			);
			defaultConfigurationIsVisible = 0;
			defaultConfigurationName = Release;
		};
/* End XCConfigurationList section */

/* Begin XCRemoteSwiftPackageReference section */
		BA5DE94328C6FBC400D19B42 /* XCRemoteSwiftPackageReference "realm-swift" */ = {
			isa = XCRemoteSwiftPackageReference;
			repositoryURL = "https://github.com/realm/realm-swift";
			requirement = {
				kind = upToNextMajorVersion;
				minimumVersion = 5.0.0;
			};
		};
/* End XCRemoteSwiftPackageReference section */

/* Begin XCSwiftPackageProductDependency section */
		BA5DE94428C6FBC400D19B42 /* Realm */ = {
			isa = XCSwiftPackageProductDependency;
			package = BA5DE94328C6FBC400D19B42 /* XCRemoteSwiftPackageReference "realm-swift" */;
			productName = Realm;
		};
		BA5DE94628C6FBC400D19B42 /* RealmSwift */ = {
			isa = XCSwiftPackageProductDependency;
			package = BA5DE94328C6FBC400D19B42 /* XCRemoteSwiftPackageReference "realm-swift" */;
			productName = RealmSwift;
		};
/* End XCSwiftPackageProductDependency section */
	};
	rootObject = BA5DE92228C6F54600D19B42 /* Project object */;
}
